
Microsoft Visual Studio Solution File, Format Version 12.00
# Visual Studio 15
VisualStudioVersion = 15.0.26730.10
MinimumVisualStudioVersion = 10.0.40219.1
Project("{FAE04EC0-301F-11D3-BF4B-00C04F79EFBC}") = "App123.Android", "App123\App123.Android\App123.Android.csproj", "{046D26BF-B22A-4708-AAD1-C8250549E166}"
EndProject
Project("{FAE04EC0-301F-11D3-BF4B-00C04F79EFBC}") = "App123", "App123\App123\App123.csproj", "{849847AA-83FB-49E8-B266-99B6BC5AFDEE}"
EndProject
Project("{FAE04EC0-301F-11D3-BF4B-00C04F79EFBC}") = "App123.UWP", "App123\App123.UWP\App123.UWP.csproj", "{2890BBF4-9808-495A-9D04-3404E7F4E679}"
EndProject
Project("{FAE04EC0-301F-11D3-BF4B-00C04F79EFBC}") = "App123.iOS", "App123\App123.iOS\App123.iOS.csproj", "{2A4C9E67-6C11-4BB5-8EB5-9D0C4742E5AF}"
EndProject
Global
	GlobalSection(SolutionConfigurationPlatforms) = preSolution
		Ad-Hoc|Any CPU = Ad-Hoc|Any CPU
		Ad-Hoc|ARM = Ad-Hoc|ARM
		Ad-Hoc|iPhone = Ad-Hoc|iPhone
		Ad-Hoc|iPhoneSimulator = Ad-Hoc|iPhoneSimulator
		Ad-Hoc|x64 = Ad-Hoc|x64
		Ad-Hoc|x86 = Ad-Hoc|x86
		AppStore|Any CPU = AppStore|Any CPU
		AppStore|ARM = AppStore|ARM
		AppStore|iPhone = AppStore|iPhone
		AppStore|iPhoneSimulator = AppStore|iPhoneSimulator
		AppStore|x64 = AppStore|x64
		AppStore|x86 = AppStore|x86
		Debug|Any CPU = Debug|Any CPU
		Debug|ARM = Debug|ARM
		Debug|iPhone = Debug|iPhone
		Debug|iPhoneSimulator = Debug|iPhoneSimulator
		Debug|x64 = Debug|x64
		Debug|x86 = Debug|x86
		Release|Any CPU = Release|Any CPU
		Release|ARM = Release|ARM
		Release|iPhone = Release|iPhone
		Release|iPhoneSimulator = Release|iPhoneSimulator
		Release|x64 = Release|x64
		Release|x86 = Release|x86
	EndGlobalSection
	GlobalSection(ProjectConfigurationPlatforms) = postSolution
		{046D26BF-B22A-4708-AAD1-C8250549E166}.Ad-Hoc|Any CPU.ActiveCfg = Release|Any CPU
		{046D26BF-B22A-4708-AAD1-C8250549E166}.Ad-Hoc|Any CPU.Build.0 = Release|Any CPU
		{046D26BF-B22A-4708-AAD1-C8250549E166}.Ad-Hoc|Any CPU.Deploy.0 = Release|Any CPU
		{046D26BF-B22A-4708-AAD1-C8250549E166}.Ad-Hoc|ARM.ActiveCfg = Release|Any CPU
		{046D26BF-B22A-4708-AAD1-C8250549E166}.Ad-Hoc|ARM.Build.0 = Release|Any CPU
		{046D26BF-B22A-4708-AAD1-C8250549E166}.Ad-Hoc|ARM.Deploy.0 = Release|Any CPU
		{046D26BF-B22A-4708-AAD1-C8250549E166}.Ad-Hoc|iPhone.ActiveCfg = Release|Any CPU
		{046D26BF-B22A-4708-AAD1-C8250549E166}.Ad-Hoc|iPhone.Build.0 = Release|Any CPU
		{046D26BF-B22A-4708-AAD1-C8250549E166}.Ad-Hoc|iPhone.Deploy.0 = Release|Any CPU
		{046D26BF-B22A-4708-AAD1-C8250549E166}.Ad-Hoc|iPhoneSimulator.ActiveCfg = Release|Any CPU
		{046D26BF-B22A-4708-AAD1-C8250549E166}.Ad-Hoc|iPhoneSimulator.Build.0 = Release|Any CPU
		{046D26BF-B22A-4708-AAD1-C8250549E166}.Ad-Hoc|iPhoneSimulator.Deploy.0 = Release|Any CPU
		{046D26BF-B22A-4708-AAD1-C8250549E166}.Ad-Hoc|x64.ActiveCfg = Release|Any CPU
		{046D26BF-B22A-4708-AAD1-C8250549E166}.Ad-Hoc|x64.Build.0 = Release|Any CPU
		{046D26BF-B22A-4708-AAD1-C8250549E166}.Ad-Hoc|x64.Deploy.0 = Release|Any CPU
		{046D26BF-B22A-4708-AAD1-C8250549E166}.Ad-Hoc|x86.ActiveCfg = Release|Any CPU
		{046D26BF-B22A-4708-AAD1-C8250549E166}.Ad-Hoc|x86.Build.0 = Release|Any CPU
		{046D26BF-B22A-4708-AAD1-C8250549E166}.Ad-Hoc|x86.Deploy.0 = Release|Any CPU
		{046D26BF-B22A-4708-AAD1-C8250549E166}.AppStore|Any CPU.ActiveCfg = Release|Any CPU
		{046D26BF-B22A-4708-AAD1-C8250549E166}.AppStore|Any CPU.Build.0 = Release|Any CPU
		{046D26BF-B22A-4708-AAD1-C8250549E166}.AppStore|Any CPU.Deploy.0 = Release|Any CPU
		{046D26BF-B22A-4708-AAD1-C8250549E166}.AppStore|ARM.ActiveCfg = Release|Any CPU
		{046D26BF-B22A-4708-AAD1-C8250549E166}.AppStore|ARM.Build.0 = Release|Any CPU
		{046D26BF-B22A-4708-AAD1-C8250549E166}.AppStore|ARM.Deploy.0 = Release|Any CPU
		{046D26BF-B22A-4708-AAD1-C8250549E166}.AppStore|iPhone.ActiveCfg = Release|Any CPU
		{046D26BF-B22A-4708-AAD1-C8250549E166}.AppStore|iPhone.Build.0 = Release|Any CPU
		{046D26BF-B22A-4708-AAD1-C8250549E166}.AppStore|iPhone.Deploy.0 = Release|Any CPU
		{046D26BF-B22A-4708-AAD1-C8250549E166}.AppStore|iPhoneSimulator.ActiveCfg = Release|Any CPU
		{046D26BF-B22A-4708-AAD1-C8250549E166}.AppStore|iPhoneSimulator.Build.0 = Release|Any CPU
		{046D26BF-B22A-4708-AAD1-C8250549E166}.AppStore|iPhoneSimulator.Deploy.0 = Release|Any CPU
		{046D26BF-B22A-4708-AAD1-C8250549E166}.AppStore|x64.ActiveCfg = Release|Any CPU
		{046D26BF-B22A-4708-AAD1-C8250549E166}.AppStore|x64.Build.0 = Release|Any CPU
		{046D26BF-B22A-4708-AAD1-C8250549E166}.AppStore|x64.Deploy.0 = Release|Any CPU
		{046D26BF-B22A-4708-AAD1-C8250549E166}.AppStore|x86.ActiveCfg = Release|Any CPU
		{046D26BF-B22A-4708-AAD1-C8250549E166}.AppStore|x86.Build.0 = Release|Any CPU
		{046D26BF-B22A-4708-AAD1-C8250549E166}.AppStore|x86.Deploy.0 = Release|Any CPU
		{046D26BF-B22A-4708-AAD1-C8250549E166}.Debug|Any CPU.ActiveCfg = Debug|Any CPU
		{046D26BF-B22A-4708-AAD1-C8250549E166}.Debug|Any CPU.Build.0 = Debug|Any CPU
		{046D26BF-B22A-4708-AAD1-C8250549E166}.Debug|Any CPU.Deploy.0 = Debug|Any CPU
		{046D26BF-B22A-4708-AAD1-C8250549E166}.Debug|ARM.ActiveCfg = Debug|Any CPU
		{046D26BF-B22A-4708-AAD1-C8250549E166}.Debug|ARM.Build.0 = Debug|Any CPU
		{046D26BF-B22A-4708-AAD1-C8250549E166}.Debug|ARM.Deploy.0 = Debug|Any CPU
		{046D26BF-B22A-4708-AAD1-C8250549E166}.Debug|iPhone.ActiveCfg = Debug|Any CPU
		{046D26BF-B22A-4708-AAD1-C8250549E166}.Debug|iPhone.Build.0 = Debug|Any CPU
		{046D26BF-B22A-4708-AAD1-C8250549E166}.Debug|iPhone.Deploy.0 = Debug|Any CPU
		{046D26BF-B22A-4708-AAD1-C8250549E166}.Debug|iPhoneSimulator.ActiveCfg = Debug|Any CPU
		{046D26BF-B22A-4708-AAD1-C8250549E166}.Debug|iPhoneSimulator.Build.0 = Debug|Any CPU
		{046D26BF-B22A-4708-AAD1-C8250549E166}.Debug|iPhoneSimulator.Deploy.0 = Debug|Any CPU
		{046D26BF-B22A-4708-AAD1-C8250549E166}.Debug|x64.ActiveCfg = Debug|Any CPU
		{046D26BF-B22A-4708-AAD1-C8250549E166}.Debug|x64.Build.0 = Debug|Any CPU
		{046D26BF-B22A-4708-AAD1-C8250549E166}.Debug|x64.Deploy.0 = Debug|Any CPU
		{046D26BF-B22A-4708-AAD1-C8250549E166}.Debug|x86.ActiveCfg = Debug|Any CPU
		{046D26BF-B22A-4708-AAD1-C8250549E166}.Debug|x86.Build.0 = Debug|Any CPU
		{046D26BF-B22A-4708-AAD1-C8250549E166}.Debug|x86.Deploy.0 = Debug|Any CPU
		{046D26BF-B22A-4708-AAD1-C8250549E166}.Release|Any CPU.ActiveCfg = Release|Any CPU
		{046D26BF-B22A-4708-AAD1-C8250549E166}.Release|Any CPU.Build.0 = Release|Any CPU
		{046D26BF-B22A-4708-AAD1-C8250549E166}.Release|Any CPU.Deploy.0 = Release|Any CPU
		{046D26BF-B22A-4708-AAD1-C8250549E166}.Release|ARM.ActiveCfg = Release|Any CPU
		{046D26BF-B22A-4708-AAD1-C8250549E166}.Release|ARM.Build.0 = Release|Any CPU
		{046D26BF-B22A-4708-AAD1-C8250549E166}.Release|ARM.Deploy.0 = Release|Any CPU
		{046D26BF-B22A-4708-AAD1-C8250549E166}.Release|iPhone.ActiveCfg = Release|Any CPU
		{046D26BF-B22A-4708-AAD1-C8250549E166}.Release|iPhone.Build.0 = Release|Any CPU
		{046D26BF-B22A-4708-AAD1-C8250549E166}.Release|iPhone.Deploy.0 = Release|Any CPU
		{046D26BF-B22A-4708-AAD1-C8250549E166}.Release|iPhoneSimulator.ActiveCfg = Release|Any CPU
		{046D26BF-B22A-4708-AAD1-C8250549E166}.Release|iPhoneSimulator.Build.0 = Release|Any CPU
		{046D26BF-B22A-4708-AAD1-C8250549E166}.Release|iPhoneSimulator.Deploy.0 = Release|Any CPU
		{046D26BF-B22A-4708-AAD1-C8250549E166}.Release|x64.ActiveCfg = Release|Any CPU
		{046D26BF-B22A-4708-AAD1-C8250549E166}.Release|x64.Build.0 = Release|Any CPU
		{046D26BF-B22A-4708-AAD1-C8250549E166}.Release|x64.Deploy.0 = Release|Any CPU
		{046D26BF-B22A-4708-AAD1-C8250549E166}.Release|x86.ActiveCfg = Release|Any CPU
		{046D26BF-B22A-4708-AAD1-C8250549E166}.Release|x86.Build.0 = Release|Any CPU
		{046D26BF-B22A-4708-AAD1-C8250549E166}.Release|x86.Deploy.0 = Release|Any CPU
		{849847AA-83FB-49E8-B266-99B6BC5AFDEE}.Ad-Hoc|Any CPU.ActiveCfg = Release|Any CPU
		{849847AA-83FB-49E8-B266-99B6BC5AFDEE}.Ad-Hoc|Any CPU.Build.0 = Release|Any CPU
		{849847AA-83FB-49E8-B266-99B6BC5AFDEE}.Ad-Hoc|ARM.ActiveCfg = Release|Any CPU
		{849847AA-83FB-49E8-B266-99B6BC5AFDEE}.Ad-Hoc|ARM.Build.0 = Release|Any CPU
		{849847AA-83FB-49E8-B266-99B6BC5AFDEE}.Ad-Hoc|iPhone.ActiveCfg = Release|Any CPU
		{849847AA-83FB-49E8-B266-99B6BC5AFDEE}.Ad-Hoc|iPhone.Build.0 = Release|Any CPU
		{849847AA-83FB-49E8-B266-99B6BC5AFDEE}.Ad-Hoc|iPhoneSimulator.ActiveCfg = Release|Any CPU
		{849847AA-83FB-49E8-B266-99B6BC5AFDEE}.Ad-Hoc|iPhoneSimulator.Build.0 = Release|Any CPU
		{849847AA-83FB-49E8-B266-99B6BC5AFDEE}.Ad-Hoc|x64.ActiveCfg = Release|Any CPU
		{849847AA-83FB-49E8-B266-99B6BC5AFDEE}.Ad-Hoc|x64.Build.0 = Release|Any CPU
		{849847AA-83FB-49E8-B266-99B6BC5AFDEE}.Ad-Hoc|x86.ActiveCfg = Release|Any CPU
		{849847AA-83FB-49E8-B266-99B6BC5AFDEE}.Ad-Hoc|x86.Build.0 = Release|Any CPU
		{849847AA-83FB-49E8-B266-99B6BC5AFDEE}.AppStore|Any CPU.ActiveCfg = Release|Any CPU
		{849847AA-83FB-49E8-B266-99B6BC5AFDEE}.AppStore|Any CPU.Build.0 = Release|Any CPU
		{849847AA-83FB-49E8-B266-99B6BC5AFDEE}.AppStore|ARM.ActiveCfg = Release|Any CPU
		{849847AA-83FB-49E8-B266-99B6BC5AFDEE}.AppStore|ARM.Build.0 = Release|Any CPU
		{849847AA-83FB-49E8-B266-99B6BC5AFDEE}.AppStore|iPhone.ActiveCfg = Release|Any CPU
		{849847AA-83FB-49E8-B266-99B6BC5AFDEE}.AppStore|iPhone.Build.0 = Release|Any CPU
		{849847AA-83FB-49E8-B266-99B6BC5AFDEE}.AppStore|iPhoneSimulator.ActiveCfg = Release|Any CPU
		{849847AA-83FB-49E8-B266-99B6BC5AFDEE}.AppStore|iPhoneSimulator.Build.0 = Release|Any CPU
		{849847AA-83FB-49E8-B266-99B6BC5AFDEE}.AppStore|x64.ActiveCfg = Release|Any CPU
		{849847AA-83FB-49E8-B266-99B6BC5AFDEE}.AppStore|x64.Build.0 = Release|Any CPU
		{849847AA-83FB-49E8-B266-99B6BC5AFDEE}.AppStore|x86.ActiveCfg = Release|Any CPU
		{849847AA-83FB-49E8-B266-99B6BC5AFDEE}.AppStore|x86.Build.0 = Release|Any CPU
		{849847AA-83FB-49E8-B266-99B6BC5AFDEE}.Debug|Any CPU.ActiveCfg = Debug|Any CPU
		{849847AA-83FB-49E8-B266-99B6BC5AFDEE}.Debug|Any CPU.Build.0 = Debug|Any CPU
		{849847AA-83FB-49E8-B266-99B6BC5AFDEE}.Debug|ARM.ActiveCfg = Debug|Any CPU
		{849847AA-83FB-49E8-B266-99B6BC5AFDEE}.Debug|ARM.Build.0 = Debug|Any CPU
		{849847AA-83FB-49E8-B266-99B6BC5AFDEE}.Debug|iPhone.ActiveCfg = Debug|Any CPU
		{849847AA-83FB-49E8-B266-99B6BC5AFDEE}.Debug|iPhone.Build.0 = Debug|Any CPU
		{849847AA-83FB-49E8-B266-99B6BC5AFDEE}.Debug|iPhoneSimulator.ActiveCfg = Debug|Any CPU
		{849847AA-83FB-49E8-B266-99B6BC5AFDEE}.Debug|iPhoneSimulator.Build.0 = Debug|Any CPU
		{849847AA-83FB-49E8-B266-99B6BC5AFDEE}.Debug|x64.ActiveCfg = Debug|Any CPU
		{849847AA-83FB-49E8-B266-99B6BC5AFDEE}.Debug|x64.Build.0 = Debug|Any CPU
		{849847AA-83FB-49E8-B266-99B6BC5AFDEE}.Debug|x86.ActiveCfg = Debug|Any CPU
		{849847AA-83FB-49E8-B266-99B6BC5AFDEE}.Debug|x86.Build.0 = Debug|Any CPU
		{849847AA-83FB-49E8-B266-99B6BC5AFDEE}.Release|Any CPU.ActiveCfg = Release|Any CPU
		{849847AA-83FB-49E8-B266-99B6BC5AFDEE}.Release|Any CPU.Build.0 = Release|Any CPU
		{849847AA-83FB-49E8-B266-99B6BC5AFDEE}.Release|ARM.ActiveCfg = Release|Any CPU
		{849847AA-83FB-49E8-B266-99B6BC5AFDEE}.Release|ARM.Build.0 = Release|Any CPU
		{849847AA-83FB-49E8-B266-99B6BC5AFDEE}.Release|iPhone.ActiveCfg = Release|Any CPU
		{849847AA-83FB-49E8-B266-99B6BC5AFDEE}.Release|iPhone.Build.0 = Release|Any CPU
		{849847AA-83FB-49E8-B266-99B6BC5AFDEE}.Release|iPhoneSimulator.ActiveCfg = Release|Any CPU
		{849847AA-83FB-49E8-B266-99B6BC5AFDEE}.Release|iPhoneSimulator.Build.0 = Release|Any CPU
		{849847AA-83FB-49E8-B266-99B6BC5AFDEE}.Release|x64.ActiveCfg = Release|Any CPU
		{849847AA-83FB-49E8-B266-99B6BC5AFDEE}.Release|x64.Build.0 = Release|Any CPU
		{849847AA-83FB-49E8-B266-99B6BC5AFDEE}.Release|x86.ActiveCfg = Release|Any CPU
		{849847AA-83FB-49E8-B266-99B6BC5AFDEE}.Release|x86.Build.0 = Release|Any CPU
		{2890BBF4-9808-495A-9D04-3404E7F4E679}.Ad-Hoc|Any CPU.ActiveCfg = Release|x86
		{2890BBF4-9808-495A-9D04-3404E7F4E679}.Ad-Hoc|Any CPU.Build.0 = Release|x86
		{2890BBF4-9808-495A-9D04-3404E7F4E679}.Ad-Hoc|Any CPU.Deploy.0 = Release|x86
		{2890BBF4-9808-495A-9D04-3404E7F4E679}.Ad-Hoc|ARM.ActiveCfg = Release|ARM
		{2890BBF4-9808-495A-9D04-3404E7F4E679}.Ad-Hoc|ARM.Build.0 = Release|ARM
		{2890BBF4-9808-495A-9D04-3404E7F4E679}.Ad-Hoc|ARM.Deploy.0 = Release|ARM
		{2890BBF4-9808-495A-9D04-3404E7F4E679}.Ad-Hoc|iPhone.ActiveCfg = Release|x86
		{2890BBF4-9808-495A-9D04-3404E7F4E679}.Ad-Hoc|iPhone.Build.0 = Release|x86
		{2890BBF4-9808-495A-9D04-3404E7F4E679}.Ad-Hoc|iPhone.Deploy.0 = Release|x86
		{2890BBF4-9808-495A-9D04-3404E7F4E679}.Ad-Hoc|iPhoneSimulator.ActiveCfg = Release|x86
		{2890BBF4-9808-495A-9D04-3404E7F4E679}.Ad-Hoc|iPhoneSimulator.Build.0 = Release|x86
		{2890BBF4-9808-495A-9D04-3404E7F4E679}.Ad-Hoc|iPhoneSimulator.Deploy.0 = Release|x86
		{2890BBF4-9808-495A-9D04-3404E7F4E679}.Ad-Hoc|x64.ActiveCfg = Release|x64
		{2890BBF4-9808-495A-9D04-3404E7F4E679}.Ad-Hoc|x64.Build.0 = Release|x64
		{2890BBF4-9808-495A-9D04-3404E7F4E679}.Ad-Hoc|x64.Deploy.0 = Release|x64
		{2890BBF4-9808-495A-9D04-3404E7F4E679}.Ad-Hoc|x86.ActiveCfg = Release|x86
		{2890BBF4-9808-495A-9D04-3404E7F4E679}.Ad-Hoc|x86.Build.0 = Release|x86
		{2890BBF4-9808-495A-9D04-3404E7F4E679}.Ad-Hoc|x86.Deploy.0 = Release|x86
		{2890BBF4-9808-495A-9D04-3404E7F4E679}.AppStore|Any CPU.ActiveCfg = Release|x86
		{2890BBF4-9808-495A-9D04-3404E7F4E679}.AppStore|Any CPU.Build.0 = Release|x86
		{2890BBF4-9808-495A-9D04-3404E7F4E679}.AppStore|Any CPU.Deploy.0 = Release|x86
		{2890BBF4-9808-495A-9D04-3404E7F4E679}.AppStore|ARM.ActiveCfg = Release|ARM
		{2890BBF4-9808-495A-9D04-3404E7F4E679}.AppStore|ARM.Build.0 = Release|ARM
		{2890BBF4-9808-495A-9D04-3404E7F4E679}.AppStore|ARM.Deploy.0 = Release|ARM
		{2890BBF4-9808-495A-9D04-3404E7F4E679}.AppStore|iPhone.ActiveCfg = Release|x86
		{2890BBF4-9808-495A-9D04-3404E7F4E679}.AppStore|iPhone.Build.0 = Release|x86
		{2890BBF4-9808-495A-9D04-3404E7F4E679}.AppStore|iPhone.Deploy.0 = Release|x86
		{2890BBF4-9808-495A-9D04-3404E7F4E679}.AppStore|iPhoneSimulator.ActiveCfg = Release|x86
		{2890BBF4-9808-495A-9D04-3404E7F4E679}.AppStore|iPhoneSimulator.Build.0 = Release|x86
		{2890BBF4-9808-495A-9D04-3404E7F4E679}.AppStore|iPhoneSimulator.Deploy.0 = Release|x86
		{2890BBF4-9808-495A-9D04-3404E7F4E679}.AppStore|x64.ActiveCfg = Release|x64
		{2890BBF4-9808-495A-9D04-3404E7F4E679}.AppStore|x64.Build.0 = Release|x64
		{2890BBF4-9808-495A-9D04-3404E7F4E679}.AppStore|x64.Deploy.0 = Release|x64
		{2890BBF4-9808-495A-9D04-3404E7F4E679}.AppStore|x86.ActiveCfg = Release|x86
		{2890BBF4-9808-495A-9D04-3404E7F4E679}.AppStore|x86.Build.0 = Release|x86
		{2890BBF4-9808-495A-9D04-3404E7F4E679}.AppStore|x86.Deploy.0 = Release|x86
		{2890BBF4-9808-495A-9D04-3404E7F4E679}.Debug|Any CPU.ActiveCfg = Debug|x86
		{2890BBF4-9808-495A-9D04-3404E7F4E679}.Debug|ARM.ActiveCfg = Debug|ARM
		{2890BBF4-9808-495A-9D04-3404E7F4E679}.Debug|ARM.Build.0 = Debug|ARM
		{2890BBF4-9808-495A-9D04-3404E7F4E679}.Debug|ARM.Deploy.0 = Debug|ARM
		{2890BBF4-9808-495A-9D04-3404E7F4E679}.Debug|iPhone.ActiveCfg = Debug|x86
		{2890BBF4-9808-495A-9D04-3404E7F4E679}.Debug|iPhoneSimulator.ActiveCfg = Debug|x86
		{2890BBF4-9808-495A-9D04-3404E7F4E679}.Debug|x64.ActiveCfg = Debug|x64
		{2890BBF4-9808-495A-9D04-3404E7F4E679}.Debug|x64.Build.0 = Debug|x64
		{2890BBF4-9808-495A-9D04-3404E7F4E679}.Debug|x64.Deploy.0 = Debug|x64
		{2890BBF4-9808-495A-9D04-3404E7F4E679}.Debug|x86.ActiveCfg = Debug|x86
		{2890BBF4-9808-495A-9D04-3404E7F4E679}.Debug|x86.Build.0 = Debug|x86
		{2890BBF4-9808-495A-9D04-3404E7F4E679}.Debug|x86.Deploy.0 = Debug|x86
		{2890BBF4-9808-495A-9D04-3404E7F4E679}.Release|Any CPU.ActiveCfg = Release|x86
		{2890BBF4-9808-495A-9D04-3404E7F4E679}.Release|ARM.ActiveCfg = Release|ARM
		{2890BBF4-9808-495A-9D04-3404E7F4E679}.Release|ARM.Build.0 = Release|ARM
		{2890BBF4-9808-495A-9D04-3404E7F4E679}.Release|ARM.Deploy.0 = Release|ARM
		{2890BBF4-9808-495A-9D04-3404E7F4E679}.Release|iPhone.ActiveCfg = Release|x86
		{2890BBF4-9808-495A-9D04-3404E7F4E679}.Release|iPhoneSimulator.ActiveCfg = Release|x86
		{2890BBF4-9808-495A-9D04-3404E7F4E679}.Release|x64.ActiveCfg = Release|x64
		{2890BBF4-9808-495A-9D04-3404E7F4E679}.Release|x64.Build.0 = Release|x64
		{2890BBF4-9808-495A-9D04-3404E7F4E679}.Release|x64.Deploy.0 = Release|x64
		{2890BBF4-9808-495A-9D04-3404E7F4E679}.Release|x86.ActiveCfg = Release|x86
		{2890BBF4-9808-495A-9D04-3404E7F4E679}.Release|x86.Build.0 = Release|x86
		{2890BBF4-9808-495A-9D04-3404E7F4E679}.Release|x86.Deploy.0 = Release|x86
		{2A4C9E67-6C11-4BB5-8EB5-9D0C4742E5AF}.Ad-Hoc|Any CPU.ActiveCfg = Ad-Hoc|iPhone
		{2A4C9E67-6C11-4BB5-8EB5-9D0C4742E5AF}.Ad-Hoc|ARM.ActiveCfg = Ad-Hoc|iPhone
		{2A4C9E67-6C11-4BB5-8EB5-9D0C4742E5AF}.Ad-Hoc|iPhone.ActiveCfg = Ad-Hoc|iPhone
		{2A4C9E67-6C11-4BB5-8EB5-9D0C4742E5AF}.Ad-Hoc|iPhone.Build.0 = Ad-Hoc|iPhone
		{2A4C9E67-6C11-4BB5-8EB5-9D0C4742E5AF}.Ad-Hoc|iPhoneSimulator.ActiveCfg = Ad-Hoc|iPhoneSimulator
		{2A4C9E67-6C11-4BB5-8EB5-9D0C4742E5AF}.Ad-Hoc|iPhoneSimulator.Build.0 = Ad-Hoc|iPhoneSimulator
		{2A4C9E67-6C11-4BB5-8EB5-9D0C4742E5AF}.Ad-Hoc|x64.ActiveCfg = Ad-Hoc|iPhone
		{2A4C9E67-6C11-4BB5-8EB5-9D0C4742E5AF}.Ad-Hoc|x86.ActiveCfg = Ad-Hoc|iPhone
		{2A4C9E67-6C11-4BB5-8EB5-9D0C4742E5AF}.AppStore|Any CPU.ActiveCfg = AppStore|iPhone
		{2A4C9E67-6C11-4BB5-8EB5-9D0C4742E5AF}.AppStore|ARM.ActiveCfg = AppStore|iPhone
		{2A4C9E67-6C11-4BB5-8EB5-9D0C4742E5AF}.AppStore|iPhone.ActiveCfg = AppStore|iPhone
		{2A4C9E67-6C11-4BB5-8EB5-9D0C4742E5AF}.AppStore|iPhone.Build.0 = AppStore|iPhone
		{2A4C9E67-6C11-4BB5-8EB5-9D0C4742E5AF}.AppStore|iPhoneSimulator.ActiveCfg = AppStore|iPhoneSimulator
		{2A4C9E67-6C11-4BB5-8EB5-9D0C4742E5AF}.AppStore|iPhoneSimulator.Build.0 = AppStore|iPhoneSimulator
		{2A4C9E67-6C11-4BB5-8EB5-9D0C4742E5AF}.AppStore|x64.ActiveCfg = AppStore|iPhone
		{2A4C9E67-6C11-4BB5-8EB5-9D0C4742E5AF}.AppStore|x86.ActiveCfg = AppStore|iPhone
		{2A4C9E67-6C11-4BB5-8EB5-9D0C4742E5AF}.Debug|Any CPU.ActiveCfg = Debug|iPhone
		{2A4C9E67-6C11-4BB5-8EB5-9D0C4742E5AF}.Debug|ARM.ActiveCfg = Debug|iPhone
		{2A4C9E67-6C11-4BB5-8EB5-9D0C4742E5AF}.Debug|iPhone.ActiveCfg = Debug|iPhone
		{2A4C9E67-6C11-4BB5-8EB5-9D0C4742E5AF}.Debug|iPhone.Build.0 = Debug|iPhone
		{2A4C9E67-6C11-4BB5-8EB5-9D0C4742E5AF}.Debug|iPhoneSimulator.ActiveCfg = Debug|iPhoneSimulator
		{2A4C9E67-6C11-4BB5-8EB5-9D0C4742E5AF}.Debug|iPhoneSimulator.Build.0 = Debug|iPhoneSimulator
		{2A4C9E67-6C11-4BB5-8EB5-9D0C4742E5AF}.Debug|x64.ActiveCfg = Debug|iPhone
		{2A4C9E67-6C11-4BB5-8EB5-9D0C4742E5AF}.Debug|x86.ActiveCfg = Debug|iPhone
		{2A4C9E67-6C11-4BB5-8EB5-9D0C4742E5AF}.Release|Any CPU.ActiveCfg = Release|iPhone
		{2A4C9E67-6C11-4BB5-8EB5-9D0C4742E5AF}.Release|ARM.ActiveCfg = Release|iPhone
		{2A4C9E67-6C11-4BB5-8EB5-9D0C4742E5AF}.Release|iPhone.ActiveCfg = Release|iPhone
		{2A4C9E67-6C11-4BB5-8EB5-9D0C4742E5AF}.Release|iPhone.Build.0 = Release|iPhone
		{2A4C9E67-6C11-4BB5-8EB5-9D0C4742E5AF}.Release|iPhoneSimulator.ActiveCfg = Release|iPhoneSimulator
		{2A4C9E67-6C11-4BB5-8EB5-9D0C4742E5AF}.Release|iPhoneSimulator.Build.0 = Release|iPhoneSimulator
		{2A4C9E67-6C11-4BB5-8EB5-9D0C4742E5AF}.Release|x64.ActiveCfg = Release|iPhone
		{2A4C9E67-6C11-4BB5-8EB5-9D0C4742E5AF}.Release|x86.ActiveCfg = Release|iPhone
	EndGlobalSection
	GlobalSection(SolutionProperties) = preSolution
		HideSolutionNode = FALSE
	EndGlobalSection
	GlobalSection(ExtensibilityGlobals) = postSolution
		SolutionGuid = {E4D91E31-690D-4D62-8E7F-EDDA69EA8F18}
	EndGlobalSection
EndGlobal
